# THIS IS AN AUTOGENERATED FILE. DO NOT EDIT THIS FILE DIRECTLY.
# yarn lockfile v1


ooz-wasm@^1.0.0:
  version "1.0.0"
  resolved "https://registry.yarnpkg.com/ooz-wasm/-/ooz-wasm-1.0.0.tgz#01f02156cb515e8591fbe18f1d65847d4c579c95"
  integrity sha512-RDWErZkEWBUV2VUDlU587fz4Zv3kgJ1Rc293qeOMwNwavjU2fPUUW9+vDoQf5qF/fxbKnC+oM2x8COQwQEJAQg==
